// !$*UTF8*$!
{
	archiveVersion = 1;
	classes = {
	};
	objectVersion = 46;
	objects = {

/* Begin PBXBuildFile section */
		1B99C75419D389F30048E374 /* TeamsTableTableViewController.m in Sources */ = {isa = PBXBuildFile; fileRef = 1B99C75319D389F30048E374 /* TeamsTableTableViewController.m */; };
		1B99C75719D38F130048E374 /* TeamsModel.m in Sources */ = {isa = PBXBuildFile; fileRef = 1B99C75619D38F130048E374 /* TeamsModel.m */; };
		1B99C77D19D5114D0048E374 /* DevotionsRootViewController.m in Sources */ = {isa = PBXBuildFile; fileRef = 1B99C77C19D5114D0048E374 /* DevotionsRootViewController.m */; };
		1B99C78619D511E70048E374 /* DevotionsPageViewController.m in Sources */ = {isa = PBXBuildFile; fileRef = 1B99C78519D511E70048E374 /* DevotionsPageViewController.m */; };
		1B99C78A19D61CAA0048E374 /* DViewController.m in Sources */ = {isa = PBXBuildFile; fileRef = 1B99C78919D61CAA0048E374 /* DViewController.m */; };
		1B99C78D19D61CC80048E374 /* PageContentViewController.m in Sources */ = {isa = PBXBuildFile; fileRef = 1B99C78C19D61CC80048E374 /* PageContentViewController.m */; };
		1B99C79919D7AF9D0048E374 /* ScheduleViewController.m in Sources */ = {isa = PBXBuildFile; fileRef = 1B99C79819D7AF9D0048E374 /* ScheduleViewController.m */; };
		1B99C79C19D7AFD60048E374 /* SchedulePageViewController.m in Sources */ = {isa = PBXBuildFile; fileRef = 1B99C79B19D7AFD60048E374 /* SchedulePageViewController.m */; };
		1B99C79F19DCD7000048E374 /* DaySchedule.m in Sources */ = {isa = PBXBuildFile; fileRef = 1B99C79E19DCD7000048E374 /* DaySchedule.m */; };
		1B99C7A219DCD7ED0048E374 /* Day.m in Sources */ = {isa = PBXBuildFile; fileRef = 1B99C7A119DCD7ED0048E374 /* Day.m */; };
		1BFD2E4619D2209700DF6BEB /* main.m in Sources */ = {isa = PBXBuildFile; fileRef = 1BFD2E4519D2209700DF6BEB /* main.m */; };
		1BFD2E4919D2209700DF6BEB /* AppDelegate.m in Sources */ = {isa = PBXBuildFile; fileRef = 1BFD2E4819D2209700DF6BEB /* AppDelegate.m */; };
		1BFD2E4C19D2209700DF6BEB /* ViewController.m in Sources */ = {isa = PBXBuildFile; fileRef = 1BFD2E4B19D2209700DF6BEB /* ViewController.m */; };
		1BFD2E4F19D2209700DF6BEB /* Main.storyboard in Resources */ = {isa = PBXBuildFile; fileRef = 1BFD2E4D19D2209700DF6BEB /* Main.storyboard */; };
		1BFD2E5119D2209700DF6BEB /* Images.xcassets in Resources */ = {isa = PBXBuildFile; fileRef = 1BFD2E5019D2209700DF6BEB /* Images.xcassets */; };
		1BFD2E5419D2209700DF6BEB /* LaunchScreen.xib in Resources */ = {isa = PBXBuildFile; fileRef = 1BFD2E5219D2209700DF6BEB /* LaunchScreen.xib */; };
		1BFD2E6019D2209800DF6BEB /* ImpactAppTests.m in Sources */ = {isa = PBXBuildFile; fileRef = 1BFD2E5F19D2209800DF6BEB /* ImpactAppTests.m */; };
/* End PBXBuildFile section */

/* Begin PBXContainerItemProxy section */
		1BFD2E5A19D2209800DF6BEB /* PBXContainerItemProxy */ = {
			isa = PBXContainerItemProxy;
			containerPortal = 1BFD2E3819D2209700DF6BEB /* Project object */;
			proxyType = 1;
			remoteGlobalIDString = 1BFD2E3F19D2209700DF6BEB;
			remoteInfo = ImpactApp;
		};
/* End PBXContainerItemProxy section */

/* Begin PBXFileReference section */
		1B99C75219D389F30048E374 /* TeamsTableTableViewController.h */ = {isa = PBXFileReference; fileEncoding = 4; lastKnownFileType = sourcecode.c.h; path = TeamsTableTableViewController.h; sourceTree = "<group>"; };
		1B99C75319D389F30048E374 /* TeamsTableTableViewController.m */ = {isa = PBXFileReference; fileEncoding = 4; lastKnownFileType = sourcecode.c.objc; path = TeamsTableTableViewController.m; sourceTree = "<group>"; };
		1B99C75519D38F130048E374 /* TeamsModel.h */ = {isa = PBXFileReference; fileEncoding = 4; lastKnownFileType = sourcecode.c.h; path = TeamsModel.h; sourceTree = "<group>"; };
		1B99C75619D38F130048E374 /* TeamsModel.m */ = {isa = PBXFileReference; fileEncoding = 4; lastKnownFileType = sourcecode.c.objc; path = TeamsModel.m; sourceTree = "<group>"; };
		1B99C77B19D5114D0048E374 /* DevotionsRootViewController.h */ = {isa = PBXFileReference; fileEncoding = 4; lastKnownFileType = sourcecode.c.h; path = DevotionsRootViewController.h; sourceTree = "<group>"; };
		1B99C77C19D5114D0048E374 /* DevotionsRootViewController.m */ = {isa = PBXFileReference; fileEncoding = 4; lastKnownFileType = sourcecode.c.objc; path = DevotionsRootViewController.m; sourceTree = "<group>"; };
		1B99C78419D511E70048E374 /* DevotionsPageViewController.h */ = {isa = PBXFileReference; fileEncoding = 4; lastKnownFileType = sourcecode.c.h; path = DevotionsPageViewController.h; sourceTree = "<group>"; };
		1B99C78519D511E70048E374 /* DevotionsPageViewController.m */ = {isa = PBXFileReference; fileEncoding = 4; lastKnownFileType = sourcecode.c.objc; path = DevotionsPageViewController.m; sourceTree = "<group>"; };
		1B99C78819D61CAA0048E374 /* DViewController.h */ = {isa = PBXFileReference; fileEncoding = 4; lastKnownFileType = sourcecode.c.h; path = DViewController.h; sourceTree = "<group>"; };
		1B99C78919D61CAA0048E374 /* DViewController.m */ = {isa = PBXFileReference; fileEncoding = 4; lastKnownFileType = sourcecode.c.objc; path = DViewController.m; sourceTree = "<group>"; };
		1B99C78B19D61CC80048E374 /* PageContentViewController.h */ = {isa = PBXFileReference; fileEncoding = 4; lastKnownFileType = sourcecode.c.h; path = PageContentViewController.h; sourceTree = "<group>"; };
		1B99C78C19D61CC80048E374 /* PageContentViewController.m */ = {isa = PBXFileReference; fileEncoding = 4; lastKnownFileType = sourcecode.c.objc; path = PageContentViewController.m; sourceTree = "<group>"; };
		1B99C79719D7AF9D0048E374 /* ScheduleViewController.h */ = {isa = PBXFileReference; fileEncoding = 4; lastKnownFileType = sourcecode.c.h; path = ScheduleViewController.h; sourceTree = "<group>"; };
		1B99C79819D7AF9D0048E374 /* ScheduleViewController.m */ = {isa = PBXFileReference; fileEncoding = 4; lastKnownFileType = sourcecode.c.objc; path = ScheduleViewController.m; sourceTree = "<group>"; };
		1B99C79A19D7AFD60048E374 /* SchedulePageViewController.h */ = {isa = PBXFileReference; fileEncoding = 4; lastKnownFileType = sourcecode.c.h; path = SchedulePageViewController.h; sourceTree = "<group>"; };
		1B99C79B19D7AFD60048E374 /* SchedulePageViewController.m */ = {isa = PBXFileReference; fileEncoding = 4; lastKnownFileType = sourcecode.c.objc; path = SchedulePageViewController.m; sourceTree = "<group>"; };
		1B99C79D19DCD7000048E374 /* DaySchedule.h */ = {isa = PBXFileReference; fileEncoding = 4; lastKnownFileType = sourcecode.c.h; path = DaySchedule.h; sourceTree = "<group>"; };
		1B99C79E19DCD7000048E374 /* DaySchedule.m */ = {isa = PBXFileReference; fileEncoding = 4; lastKnownFileType = sourcecode.c.objc; path = DaySchedule.m; sourceTree = "<group>"; };
		1B99C7A019DCD7ED0048E374 /* Day.h */ = {isa = PBXFileReference; fileEncoding = 4; lastKnownFileType = sourcecode.c.h; path = Day.h; sourceTree = "<group>"; };
		1B99C7A119DCD7ED0048E374 /* Day.m */ = {isa = PBXFileReference; fileEncoding = 4; lastKnownFileType = sourcecode.c.objc; path = Day.m; sourceTree = "<group>"; };
		1BFD2E4019D2209700DF6BEB /* ImpactApp.app */ = {isa = PBXFileReference; explicitFileType = wrapper.application; includeInIndex = 0; path = ImpactApp.app; sourceTree = BUILT_PRODUCTS_DIR; };
		1BFD2E4419D2209700DF6BEB /* Info.plist */ = {isa = PBXFileReference; lastKnownFileType = text.plist.xml; path = Info.plist; sourceTree = "<group>"; };
		1BFD2E4519D2209700DF6BEB /* main.m */ = {isa = PBXFileReference; lastKnownFileType = sourcecode.c.objc; path = main.m; sourceTree = "<group>"; };
		1BFD2E4719D2209700DF6BEB /* AppDelegate.h */ = {isa = PBXFileReference; lastKnownFileType = sourcecode.c.h; path = AppDelegate.h; sourceTree = "<group>"; };
		1BFD2E4819D2209700DF6BEB /* AppDelegate.m */ = {isa = PBXFileReference; lastKnownFileType = sourcecode.c.objc; path = AppDelegate.m; sourceTree = "<group>"; };
		1BFD2E4A19D2209700DF6BEB /* ViewController.h */ = {isa = PBXFileReference; lastKnownFileType = sourcecode.c.h; path = ViewController.h; sourceTree = "<group>"; };
		1BFD2E4B19D2209700DF6BEB /* ViewController.m */ = {isa = PBXFileReference; lastKnownFileType = sourcecode.c.objc; path = ViewController.m; sourceTree = "<group>"; };
		1BFD2E4E19D2209700DF6BEB /* Base */ = {isa = PBXFileReference; lastKnownFileType = file.storyboard; name = Base; path = Base.lproj/Main.storyboard; sourceTree = "<group>"; };
		1BFD2E5019D2209700DF6BEB /* Images.xcassets */ = {isa = PBXFileReference; lastKnownFileType = folder.assetcatalog; path = Images.xcassets; sourceTree = "<group>"; };
		1BFD2E5319D2209700DF6BEB /* Base */ = {isa = PBXFileReference; lastKnownFileType = file.xib; name = Base; path = Base.lproj/LaunchScreen.xib; sourceTree = "<group>"; };
		1BFD2E5919D2209800DF6BEB /* ImpactAppTests.xctest */ = {isa = PBXFileReference; explicitFileType = wrapper.cfbundle; includeInIndex = 0; path = ImpactAppTests.xctest; sourceTree = BUILT_PRODUCTS_DIR; };
		1BFD2E5E19D2209800DF6BEB /* Info.plist */ = {isa = PBXFileReference; lastKnownFileType = text.plist.xml; path = Info.plist; sourceTree = "<group>"; };
		1BFD2E5F19D2209800DF6BEB /* ImpactAppTests.m */ = {isa = PBXFileReference; lastKnownFileType = sourcecode.c.objc; path = ImpactAppTests.m; sourceTree = "<group>"; };
/* End PBXFileReference section */

/* Begin PBXFrameworksBuildPhase section */
		1BFD2E3D19D2209700DF6BEB /* Frameworks */ = {
			isa = PBXFrameworksBuildPhase;
			buildActionMask = 2147483647;
			files = (
			);
			runOnlyForDeploymentPostprocessing = 0;
		};
		1BFD2E5619D2209800DF6BEB /* Frameworks */ = {
			isa = PBXFrameworksBuildPhase;
			buildActionMask = 2147483647;
			files = (
			);
			runOnlyForDeploymentPostprocessing = 0;
		};
/* End PBXFrameworksBuildPhase section */

/* Begin PBXGroup section */
		1B99C75819D38F1B0048E374 /* Teams */ = {
			isa = PBXGroup;
			children = (
				1B99C75219D389F30048E374 /* TeamsTableTableViewController.h */,
				1B99C75319D389F30048E374 /* TeamsTableTableViewController.m */,
				1B99C75519D38F130048E374 /* TeamsModel.h */,
				1B99C75619D38F130048E374 /* TeamsModel.m */,
			);
			name = Teams;
			sourceTree = "<group>";
		};
		1B99C77A19D5112C0048E374 /* Devotions */ = {
			isa = PBXGroup;
			children = (
				1B99C77B19D5114D0048E374 /* DevotionsRootViewController.h */,
				1B99C77C19D5114D0048E374 /* DevotionsRootViewController.m */,
				1B99C78419D511E70048E374 /* DevotionsPageViewController.h */,
				1B99C78519D511E70048E374 /* DevotionsPageViewController.m */,
			);
			name = Devotions;
			sourceTree = "<group>";
		};
		1B99C78719D61C770048E374 /* pageviewdemo */ = {
			isa = PBXGroup;
			children = (
				1B99C78819D61CAA0048E374 /* DViewController.h */,
				1B99C78919D61CAA0048E374 /* DViewController.m */,
				1B99C78B19D61CC80048E374 /* PageContentViewController.h */,
				1B99C78C19D61CC80048E374 /* PageContentViewController.m */,
			);
			name = pageviewdemo;
			sourceTree = "<group>";
		};
		1B99C79619D7808C0048E374 /* Schedule */ = {
			isa = PBXGroup;
			children = (
				1B99C79719D7AF9D0048E374 /* ScheduleViewController.h */,
				1B99C79819D7AF9D0048E374 /* ScheduleViewController.m */,
				1B99C79A19D7AFD60048E374 /* SchedulePageViewController.h */,
				1B99C79B19D7AFD60048E374 /* SchedulePageViewController.m */,
				1B99C79D19DCD7000048E374 /* DaySchedule.h */,
				1B99C79E19DCD7000048E374 /* DaySchedule.m */,
				1B99C7A019DCD7ED0048E374 /* Day.h */,
				1B99C7A119DCD7ED0048E374 /* Day.m */,
			);
			name = Schedule;
			sourceTree = "<group>";
		};
		1BFD2E3719D2209700DF6BEB = {
			isa = PBXGroup;
			children = (
				1BFD2E4219D2209700DF6BEB /* ImpactApp */,
				1BFD2E5C19D2209800DF6BEB /* ImpactAppTests */,
				1BFD2E4119D2209700DF6BEB /* Products */,
			);
			sourceTree = "<group>";
		};
		1BFD2E4119D2209700DF6BEB /* Products */ = {
			isa = PBXGroup;
			children = (
				1BFD2E4019D2209700DF6BEB /* ImpactApp.app */,
				1BFD2E5919D2209800DF6BEB /* ImpactAppTests.xctest */,
			);
			name = Products;
			sourceTree = "<group>";
		};
		1BFD2E4219D2209700DF6BEB /* ImpactApp */ = {
			isa = PBXGroup;
			children = (
				1B99C75819D38F1B0048E374 /* Teams */,
				1BFD2E4719D2209700DF6BEB /* AppDelegate.h */,
				1BFD2E4819D2209700DF6BEB /* AppDelegate.m */,
				1B99C78719D61C770048E374 /* pageviewdemo */,
				1B99C77A19D5112C0048E374 /* Devotions */,
				1B99C79619D7808C0048E374 /* Schedule */,
				1BFD2E4A19D2209700DF6BEB /* ViewController.h */,
				1BFD2E4B19D2209700DF6BEB /* ViewController.m */,
				1BFD2E4D19D2209700DF6BEB /* Main.storyboard */,
				1BFD2E5019D2209700DF6BEB /* Images.xcassets */,
				1BFD2E5219D2209700DF6BEB /* LaunchScreen.xib */,
				1BFD2E4319D2209700DF6BEB /* Supporting Files */,
			);
			path = ImpactApp;
			sourceTree = "<group>";
		};
		1BFD2E4319D2209700DF6BEB /* Supporting Files */ = {
			isa = PBXGroup;
			children = (
				1BFD2E4419D2209700DF6BEB /* Info.plist */,
				1BFD2E4519D2209700DF6BEB /* main.m */,
			);
			name = "Supporting Files";
			sourceTree = "<group>";
		};
		1BFD2E5C19D2209800DF6BEB /* ImpactAppTests */ = {
			isa = PBXGroup;
			children = (
				1BFD2E5F19D2209800DF6BEB /* ImpactAppTests.m */,
				1BFD2E5D19D2209800DF6BEB /* Supporting Files */,
			);
			path = ImpactAppTests;
			sourceTree = "<group>";
		};
		1BFD2E5D19D2209800DF6BEB /* Supporting Files */ = {
			isa = PBXGroup;
			children = (
				1BFD2E5E19D2209800DF6BEB /* Info.plist */,
			);
			name = "Supporting Files";
			sourceTree = "<group>";
		};
/* End PBXGroup section */

/* Begin PBXNativeTarget section */
		1BFD2E3F19D2209700DF6BEB /* ImpactApp */ = {
			isa = PBXNativeTarget;
			buildConfigurationList = 1BFD2E6319D2209800DF6BEB /* Build configuration list for PBXNativeTarget "ImpactApp" */;
			buildPhases = (
				1BFD2E3C19D2209700DF6BEB /* Sources */,
				1BFD2E3D19D2209700DF6BEB /* Frameworks */,
				1BFD2E3E19D2209700DF6BEB /* Resources */,
			);
			buildRules = (
			);
			dependencies = (
			);
			name = ImpactApp;
			productName = ImpactApp;
			productReference = 1BFD2E4019D2209700DF6BEB /* ImpactApp.app */;
			productType = "com.apple.product-type.application";
		};
		1BFD2E5819D2209800DF6BEB /* ImpactAppTests */ = {
			isa = PBXNativeTarget;
			buildConfigurationList = 1BFD2E6619D2209800DF6BEB /* Build configuration list for PBXNativeTarget "ImpactAppTests" */;
			buildPhases = (
				1BFD2E5519D2209800DF6BEB /* Sources */,
				1BFD2E5619D2209800DF6BEB /* Frameworks */,
				1BFD2E5719D2209800DF6BEB /* Resources */,
			);
			buildRules = (
			);
			dependencies = (
				1BFD2E5B19D2209800DF6BEB /* PBXTargetDependency */,
			);
			name = ImpactAppTests;
			productName = ImpactAppTests;
			productReference = 1BFD2E5919D2209800DF6BEB /* ImpactAppTests.xctest */;
			productType = "com.apple.product-type.bundle.unit-test";
		};
/* End PBXNativeTarget section */

/* Begin PBXProject section */
		1BFD2E3819D2209700DF6BEB /* Project object */ = {
			isa = PBXProject;
			attributes = {
				LastUpgradeCheck = 0600;
				ORGANIZATIONNAME = "Robert Kendall";
				TargetAttributes = {
					1BFD2E3F19D2209700DF6BEB = {
						CreatedOnToolsVersion = 6.0.1;
					};
					1BFD2E5819D2209800DF6BEB = {
						CreatedOnToolsVersion = 6.0.1;
						TestTargetID = 1BFD2E3F19D2209700DF6BEB;
					};
				};
			};
			buildConfigurationList = 1BFD2E3B19D2209700DF6BEB /* Build configuration list for PBXProject "ImpactApp" */;
			compatibilityVersion = "Xcode 3.2";
			developmentRegion = English;
			hasScannedForEncodings = 0;
			knownRegions = (
				en,
				Base,
			);
			mainGroup = 1BFD2E3719D2209700DF6BEB;
			productRefGroup = 1BFD2E4119D2209700DF6BEB /* Products */;
			projectDirPath = "";
			projectRoot = "";
			targets = (
				1BFD2E3F19D2209700DF6BEB /* ImpactApp */,
				1BFD2E5819D2209800DF6BEB /* ImpactAppTests */,
			);
		};
/* End PBXProject section */

/* Begin PBXResourcesBuildPhase section */
		1BFD2E3E19D2209700DF6BEB /* Resources */ = {
			isa = PBXResourcesBuildPhase;
			buildActionMask = 2147483647;
			files = (
				1BFD2E4F19D2209700DF6BEB /* Main.storyboard in Resources */,
				1BFD2E5419D2209700DF6BEB /* LaunchScreen.xib in Resources */,
				1BFD2E5119D2209700DF6BEB /* Images.xcassets in Resources */,
			);
			runOnlyForDeploymentPostprocessing = 0;
		};
		1BFD2E5719D2209800DF6BEB /* Resources */ = {
			isa = PBXResourcesBuildPhase;
			buildActionMask = 2147483647;
			files = (
			);
			runOnlyForDeploymentPostprocessing = 0;
		};
/* End PBXResourcesBuildPhase section */

/* Begin PBXSourcesBuildPhase section */
		1BFD2E3C19D2209700DF6BEB /* Sources */ = {
			isa = PBXSourcesBuildPhase;
			buildActionMask = 2147483647;
			files = (
				1B99C77D19D5114D0048E374 /* DevotionsRootViewController.m in Sources */,
				1BFD2E4C19D2209700DF6BEB /* ViewController.m in Sources */,
				1B99C78D19D61CC80048E374 /* PageContentViewController.m in Sources */,
				1BFD2E4919D2209700DF6BEB /* AppDelegate.m in Sources */,
				1BFD2E4619D2209700DF6BEB /* main.m in Sources */,
				1B99C79C19D7AFD60048E374 /* SchedulePageViewController.m in Sources */,
				1B99C75419D389F30048E374 /* TeamsTableTableViewController.m in Sources */,
				1B99C79F19DCD7000048E374 /* DaySchedule.m in Sources */,
				1B99C75719D38F130048E374 /* TeamsModel.m in Sources */,
				1B99C79919D7AF9D0048E374 /* ScheduleViewController.m in Sources */,
				1B99C78619D511E70048E374 /* DevotionsPageViewController.m in Sources */,
				1B99C7A219DCD7ED0048E374 /* Day.m in Sources */,
				1B99C78A19D61CAA0048E374 /* DViewController.m in Sources */,
			);
			runOnlyForDeploymentPostprocessing = 0;
		};
		1BFD2E5519D2209800DF6BEB /* Sources */ = {
			isa = PBXSourcesBuildPhase;
			buildActionMask = 2147483647;
			files = (
				1BFD2E6019D2209800DF6BEB /* ImpactAppTests.m in Sources */,
			);
			runOnlyForDeploymentPostprocessing = 0;
		};
/* End PBXSourcesBuildPhase section */

/* Begin PBXTargetDependency section */
		1BFD2E5B19D2209800DF6BEB /* PBXTargetDependency */ = {
			isa = PBXTargetDependency;
			target = 1BFD2E3F19D2209700DF6BEB /* ImpactApp */;
			targetProxy = 1BFD2E5A19D2209800DF6BEB /* PBXContainerItemProxy */;
		};
/* End PBXTargetDependency section */

/* Begin PBXVariantGroup section */
		1BFD2E4D19D2209700DF6BEB /* Main.storyboard */ = {
			isa = PBXVariantGroup;
			children = (
				1BFD2E4E19D2209700DF6BEB /* Base */,
			);
			name = Main.storyboard;
			sourceTree = "<group>";
		};
		1BFD2E5219D2209700DF6BEB /* LaunchScreen.xib */ = {
			isa = PBXVariantGroup;
			children = (
				1BFD2E5319D2209700DF6BEB /* Base */,
			);
			name = LaunchScreen.xib;
			sourceTree = "<group>";
		};
/* End PBXVariantGroup section */

/* Begin XCBuildConfiguration section */
		1BFD2E6119D2209800DF6BEB /* Debug */ = {
			isa = XCBuildConfiguration;
			buildSettings = {
				ALWAYS_SEARCH_USER_PATHS = NO;
				CLANG_CXX_LANGUAGE_STANDARD = "gnu++0x";
				CLANG_CXX_LIBRARY = "libc++";
				CLANG_ENABLE_MODULES = YES;
				CLANG_ENABLE_OBJC_ARC = YES;
				CLANG_WARN_BOOL_CONVERSION = YES;
				CLANG_WARN_CONSTANT_CONVERSION = YES;
				CLANG_WARN_DIRECT_OBJC_ISA_USAGE = YES_ERROR;
				CLANG_WARN_EMPTY_BODY = YES;
				CLANG_WARN_ENUM_CONVERSION = YES;
				CLANG_WARN_INT_CONVERSION = YES;
				CLANG_WARN_OBJC_ROOT_CLASS = YES_ERROR;
				CLANG_WARN_UNREACHABLE_CODE = YES;
				CLANG_WARN__DUPLICATE_METHOD_MATCH = YES;
				"CODE_SIGN_IDENTITY[sdk=iphoneos*]" = "iPhone Developer";
				COPY_PHASE_STRIP = NO;
				ENABLE_STRICT_OBJC_MSGSEND = YES;
				GCC_C_LANGUAGE_STANDARD = gnu99;
				GCC_DYNAMIC_NO_PIC = NO;
				GCC_OPTIMIZATION_LEVEL = 0;
				GCC_PREPROCESSOR_DEFINITIONS = (
					"DEBUG=1",
					"$(inherited)",
				);
				GCC_SYMBOLS_PRIVATE_EXTERN = NO;
				GCC_WARN_64_TO_32_BIT_CONVERSION = YES;
				GCC_WARN_ABOUT_RETURN_TYPE = YES_ERROR;
				GCC_WARN_UNDECLARED_SELECTOR = YES;
				GCC_WARN_UNINITIALIZED_AUTOS = YES_AGGRESSIVE;
				GCC_WARN_UNUSED_FUNCTION = YES;
				GCC_WARN_UNUSED_VARIABLE = YES;
				IPHONEOS_DEPLOYMENT_TARGET = 8.0;
				MTL_ENABLE_DEBUG_INFO = YES;
				ONLY_ACTIVE_ARCH = YES;
				SDKROOT = iphoneos;
				TARGETED_DEVICE_FAMILY = "1,2";
			};
			name = Debug;
		};
		1BFD2E6219D2209800DF6BEB /* Release */ = {
			isa = XCBuildConfiguration;
			buildSettings = {
				ALWAYS_SEARCH_USER_PATHS = NO;
				CLANG_CXX_LANGUAGE_STANDARD = "gnu++0x";
				CLANG_CXX_LIBRARY = "libc++";
				CLANG_ENABLE_MODULES = YES;
				CLANG_ENABLE_OBJC_ARC = YES;
				CLANG_WARN_BOOL_CONVERSION = YES;
				CLANG_WARN_CONSTANT_CONVERSION = YES;
				CLANG_WARN_DIRECT_OBJC_ISA_USAGE = YES_ERROR;
				CLANG_WARN_EMPTY_BODY = YES;
				CLANG_WARN_ENUM_CONVERSION = YES;
				CLANG_WARN_INT_CONVERSION = YES;
				CLANG_WARN_OBJC_ROOT_CLASS = YES_ERROR;
				CLANG_WARN_UNREACHABLE_CODE = YES;
				CLANG_WARN__DUPLICATE_METHOD_MATCH = YES;
				"CODE_SIGN_IDENTITY[sdk=iphoneos*]" = "iPhone Developer";
				COPY_PHASE_STRIP = YES;
				ENABLE_NS_ASSERTIONS = NO;
				ENABLE_STRICT_OBJC_MSGSEND = YES;
				GCC_C_LANGUAGE_STANDARD = gnu99;
				GCC_WARN_64_TO_32_BIT_CONVERSION = YES;
				GCC_WARN_ABOUT_RETURN_TYPE = YES_ERROR;
				GCC_WARN_UNDECLARED_SELECTOR = YES;
				GCC_WARN_UNINITIALIZED_AUTOS = YES_AGGRESSIVE;
				GCC_WARN_UNUSED_FUNCTION = YES;
				GCC_WARN_UNUSED_VARIABLE = YES;
				IPHONEOS_DEPLOYMENT_TARGET = 8.0;
				MTL_ENABLE_DEBUG_INFO = NO;
				SDKROOT = iphoneos;
				TARGETED_DEVICE_FAMILY = "1,2";
				VALIDATE_PRODUCT = YES;
			};
			name = Release;
		};
		1BFD2E6419D2209800DF6BEB /* Debug */ = {
			isa = XCBuildConfiguration;
			buildSettings = {
				ASSETCATALOG_COMPILER_APPICON_NAME = AppIcon;
				INFOPLIST_FILE = ImpactApp/Info.plist;
				LD_RUNPATH_SEARCH_PATHS = "$(inherited) @executable_path/Frameworks";
				PRODUCT_NAME = "$(TARGET_NAME)";
			};
			name = Debug;
		};
		1BFD2E6519D2209800DF6BEB /* Release */ = {
			isa = XCBuildConfiguration;
			buildSettings = {
				ASSETCATALOG_COMPILER_APPICON_NAME = AppIcon;
				INFOPLIST_FILE = ImpactApp/Info.plist;
				LD_RUNPATH_SEARCH_PATHS = "$(inherited) @executable_path/Frameworks";
				PRODUCT_NAME = "$(TARGET_NAME)";
			};
			name = Release;
		};
		1BFD2E6719D2209800DF6BEB /* Debug */ = {
			isa = XCBuildConfiguration;
			buildSettings = {
				BUNDLE_LOADER = "$(TEST_HOST)";
				FRAMEWORK_SEARCH_PATHS = (
					"$(SDKROOT)/Developer/Library/Frameworks",
					"$(inherited)",
				);
				GCC_PREPROCESSOR_DEFINITIONS = (
					"DEBUG=1",
					"$(inherited)",
				);
				INFOPLIST_FILE = ImpactAppTests/Info.plist;
				LD_RUNPATH_SEARCH_PATHS = "$(inherited) @executable_path/Frameworks @loader_path/Frameworks";
				PRODUCT_NAME = "$(TARGET_NAME)";
				TEST_HOST = "$(BUILT_PRODUCTS_DIR)/ImpactApp.app/ImpactApp";
			};
			name = Debug;
		};
		1BFD2E6819D2209800DF6BEB /* Release */ = {
			isa = XCBuildConfiguration;
			buildSettings = {
				BUNDLE_LOADER = "$(TEST_HOST)";
				FRAMEWORK_SEARCH_PATHS = (
					"$(SDKROOT)/Developer/Library/Frameworks",
					"$(inherited)",
				);
				INFOPLIST_FILE = ImpactAppTests/Info.plist;
				LD_RUNPATH_SEARCH_PATHS = "$(inherited) @executable_path/Frameworks @loader_path/Frameworks";
				PRODUCT_NAME = "$(TARGET_NAME)";
				TEST_HOST = "$(BUILT_PRODUCTS_DIR)/ImpactApp.app/ImpactApp";
			};
			name = Release;
		};
/* End XCBuildConfiguration section */

/* Begin XCConfigurationList section */
		1BFD2E3B19D2209700DF6BEB /* Build configuration list for PBXProject "ImpactApp" */ = {
			isa = XCConfigurationList;
			buildConfigurations = (
				1BFD2E6119D2209800DF6BEB /* Debug */,
				1BFD2E6219D2209800DF6BEB /* Release */,
			);
			defaultConfigurationIsVisible = 0;
			defaultConfigurationName = Release;
		};
		1BFD2E6319D2209800DF6BEB /* Build configuration list for PBXNativeTarget "ImpactApp" */ = {
			isa = XCConfigurationList;
			buildConfigurations = (
				1BFD2E6419D2209800DF6BEB /* Debug */,
				1BFD2E6519D2209800DF6BEB /* Release */,
			);
			defaultConfigurationIsVisible = 0;
			defaultConfigurationName = Release;
		};
		1BFD2E6619D2209800DF6BEB /* Build configuration list for PBXNativeTarget "ImpactAppTests" */ = {
			isa = XCConfigurationList;
			buildConfigurations = (
				1BFD2E6719D2209800DF6BEB /* Debug */,
				1BFD2E6819D2209800DF6BEB /* Release */,
			);
			defaultConfigurationIsVisible = 0;
			defaultConfigurationName = Release;
		};
/* End XCConfigurationList section */
	};
	rootObject = 1BFD2E3819D2209700DF6BEB /* Project object */;
}
